// !$*UTF8*$!
{
	archiveVersion = 1;
	classes = {
	};
	objectVersion = 50;
	objects = {

/* Begin PBXBuildFile section */
		610FA22E23307DD900F43FEB /* AppDelegate.m in Sources */ = {isa = PBXBuildFile; fileRef = 610FA22D23307DD900F43FEB /* AppDelegate.m */; };
		610FA23123307DD900F43FEB /* ViewController.m in Sources */ = {isa = PBXBuildFile; fileRef = 610FA23023307DD900F43FEB /* ViewController.m */; };
		610FA23423307DDA00F43FEB /* Main.storyboard in Resources */ = {isa = PBXBuildFile; fileRef = 610FA23223307DDA00F43FEB /* Main.storyboard */; };
		610FA23623307DDB00F43FEB /* Assets.xcassets in Resources */ = {isa = PBXBuildFile; fileRef = 610FA23523307DDB00F43FEB /* Assets.xcassets */; };
		610FA23923307DDB00F43FEB /* LaunchScreen.storyboard in Resources */ = {isa = PBXBuildFile; fileRef = 610FA23723307DDB00F43FEB /* LaunchScreen.storyboard */; };
		610FA23C23307DDB00F43FEB /* main.m in Sources */ = {isa = PBXBuildFile; fileRef = 610FA23B23307DDB00F43FEB /* main.m */; };
		610FA2442330AC6100F43FEB /* Person.m in Sources */ = {isa = PBXBuildFile; fileRef = 610FA2432330AC6100F43FEB /* Person.m */; };
/* End PBXBuildFile section */

/* Begin PBXFileReference section */
		610FA22923307DD900F43FEB /* AutoreleasePool、Thread、RunLoop.app */ = {isa = PBXFileReference; explicitFileType = wrapper.application; includeInIndex = 0; path = "AutoreleasePool、Thread、RunLoop.app"; sourceTree = BUILT_PRODUCTS_DIR; };
		610FA22C23307DD900F43FEB /* AppDelegate.h */ = {isa = PBXFileReference; lastKnownFileType = sourcecode.c.h; path = AppDelegate.h; sourceTree = "<group>"; };
		610FA22D23307DD900F43FEB /* AppDelegate.m */ = {isa = PBXFileReference; lastKnownFileType = sourcecode.c.objc; path = AppDelegate.m; sourceTree = "<group>"; };
		610FA22F23307DD900F43FEB /* ViewController.h */ = {isa = PBXFileReference; lastKnownFileType = sourcecode.c.h; path = ViewController.h; sourceTree = "<group>"; };
		610FA23023307DD900F43FEB /* ViewController.m */ = {isa = PBXFileReference; lastKnownFileType = sourcecode.c.objc; path = ViewController.m; sourceTree = "<group>"; };
		610FA23323307DDA00F43FEB /* Base */ = {isa = PBXFileReference; lastKnownFileType = file.storyboard; name = Base; path = Base.lproj/Main.storyboard; sourceTree = "<group>"; };
		610FA23523307DDB00F43FEB /* Assets.xcassets */ = {isa = PBXFileReference; lastKnownFileType = folder.assetcatalog; path = Assets.xcassets; sourceTree = "<group>"; };
		610FA23823307DDB00F43FEB /* Base */ = {isa = PBXFileReference; lastKnownFileType = file.storyboard; name = Base; path = Base.lproj/LaunchScreen.storyboard; sourceTree = "<group>"; };
		610FA23A23307DDB00F43FEB /* Info.plist */ = {isa = PBXFileReference; lastKnownFileType = text.plist.xml; path = Info.plist; sourceTree = "<group>"; };
		610FA23B23307DDB00F43FEB /* main.m */ = {isa = PBXFileReference; lastKnownFileType = sourcecode.c.objc; path = main.m; sourceTree = "<group>"; };
		610FA2422330AC6100F43FEB /* Person.h */ = {isa = PBXFileReference; lastKnownFileType = sourcecode.c.h; path = Person.h; sourceTree = "<group>"; };
		610FA2432330AC6100F43FEB /* Person.m */ = {isa = PBXFileReference; lastKnownFileType = sourcecode.c.objc; path = Person.m; sourceTree = "<group>"; };
/* End PBXFileReference section */

/* Begin PBXFrameworksBuildPhase section */
		610FA22623307DD900F43FEB /* Frameworks */ = {
			isa = PBXFrameworksBuildPhase;
			buildActionMask = 2147483647;
			files = (
			);
			runOnlyForDeploymentPostprocessing = 0;
		};
/* End PBXFrameworksBuildPhase section */

/* Begin PBXGroup section */
		610FA22023307DD900F43FEB = {
			isa = PBXGroup;
			children = (
				610FA22B23307DD900F43FEB /* AutoreleasePool、Thread、RunLoop */,
				610FA22A23307DD900F43FEB /* Products */,
			);
			sourceTree = "<group>";
		};
		610FA22A23307DD900F43FEB /* Products */ = {
			isa = PBXGroup;
			children = (
				610FA22923307DD900F43FEB /* AutoreleasePool、Thread、RunLoop.app */,
			);
			name = Products;
			sourceTree = "<group>";
		};
		610FA22B23307DD900F43FEB /* AutoreleasePool、Thread、RunLoop */ = {
			isa = PBXGroup;
			children = (
				610FA22C23307DD900F43FEB /* AppDelegate.h */,
				610FA22D23307DD900F43FEB /* AppDelegate.m */,
				610FA22F23307DD900F43FEB /* ViewController.h */,
				610FA23023307DD900F43FEB /* ViewController.m */,
				610FA2422330AC6100F43FEB /* Person.h */,
				610FA2432330AC6100F43FEB /* Person.m */,
				610FA23223307DDA00F43FEB /* Main.storyboard */,
				610FA23523307DDB00F43FEB /* Assets.xcassets */,
				610FA23723307DDB00F43FEB /* LaunchScreen.storyboard */,
				610FA23A23307DDB00F43FEB /* Info.plist */,
				610FA23B23307DDB00F43FEB /* main.m */,
			);
			path = "AutoreleasePool、Thread、RunLoop";
			sourceTree = "<group>";
		};
/* End PBXGroup section */

/* Begin PBXNativeTarget section */
		610FA22823307DD900F43FEB /* AutoreleasePool、Thread、RunLoop */ = {
			isa = PBXNativeTarget;
			buildConfigurationList = 610FA23F23307DDB00F43FEB /* Build configuration list for PBXNativeTarget "AutoreleasePool、Thread、RunLoop" */;
			buildPhases = (
				610FA22523307DD900F43FEB /* Sources */,
				610FA22623307DD900F43FEB /* Frameworks */,
				610FA22723307DD900F43FEB /* Resources */,
			);
			buildRules = (
			);
			dependencies = (
			);
			name = "AutoreleasePool、Thread、RunLoop";
			productName = "AutoreleasePool、Thread、RunLoop";
			productReference = 610FA22923307DD900F43FEB /* AutoreleasePool、Thread、RunLoop.app */;
			productType = "com.apple.product-type.application";
		};
/* End PBXNativeTarget section */

/* Begin PBXProject section */
		610FA22123307DD900F43FEB /* Project object */ = {
			isa = PBXProject;
			attributes = {
				LastUpgradeCheck = 1030;
				ORGANIZATIONNAME = Lijie;
				TargetAttributes = {
					610FA22823307DD900F43FEB = {
						CreatedOnToolsVersion = 10.3;
					};
				};
			};
			buildConfigurationList = 610FA22423307DD900F43FEB /* Build configuration list for PBXProject "AutoreleasePool、Thread、RunLoop" */;
			compatibilityVersion = "Xcode 9.3";
			developmentRegion = en;
			hasScannedForEncodings = 0;
			knownRegions = (
				en,
				Base,
			);
			mainGroup = 610FA22023307DD900F43FEB;
			productRefGroup = 610FA22A23307DD900F43FEB /* Products */;
			projectDirPath = "";
			projectRoot = "";
			targets = (
				610FA22823307DD900F43FEB /* AutoreleasePool、Thread、RunLoop */,
			);
		};
/* End PBXProject section */

/* Begin PBXResourcesBuildPhase section */
		610FA22723307DD900F43FEB /* Resources */ = {
			isa = PBXResourcesBuildPhase;
			buildActionMask = 2147483647;
			files = (
				610FA23923307DDB00F43FEB /* LaunchScreen.storyboard in Resources */,
				610FA23623307DDB00F43FEB /* Assets.xcassets in Resources */,
				610FA23423307DDA00F43FEB /* Main.storyboard in Resources */,
			);
			runOnlyForDeploymentPostprocessing = 0;
		};
/* End PBXResourcesBuildPhase section */

/* Begin PBXSourcesBuildPhase section */
		610FA22523307DD900F43FEB /* Sources */ = {
			isa = PBXSourcesBuildPhase;
			buildActionMask = 2147483647;
			files = (
				610FA23123307DD900F43FEB /* ViewController.m in Sources */,
				610FA23C23307DDB00F43FEB /* main.m in Sources */,
				610FA2442330AC6100F43FEB /* Person.m in Sources */,
				610FA22E23307DD900F43FEB /* AppDelegate.m in Sources */,
			);
			runOnlyForDeploymentPostprocessing = 0;
		};
/* End PBXSourcesBuildPhase section */

/* Begin PBXVariantGroup section */
		610FA23223307DDA00F43FEB /* Main.storyboard */ = {
			isa = PBXVariantGroup;
			children = (
				610FA23323307DDA00F43FEB /* Base */,
			);
			name = Main.storyboard;
			sourceTree = "<group>";
		};
		610FA23723307DDB00F43FEB /* LaunchScreen.storyboard */ = {
			isa = PBXVariantGroup;
			children = (
				610FA23823307DDB00F43FEB /* Base */,
			);
			name = LaunchScreen.storyboard;
			sourceTree = "<group>";
		};
/* End PBXVariantGroup section */

/* Begin XCBuildConfiguration section */
		610FA23D23307DDB00F43FEB /* Debug */ = {
			isa = XCBuildConfiguration;
			buildSettings = {
				ALWAYS_SEARCH_USER_PATHS = NO;
				CLANG_ANALYZER_NONNULL = YES;
				CLANG_ANALYZER_NUMBER_OBJECT_CONVERSION = YES_AGGRESSIVE;
				CLANG_CXX_LANGUAGE_STANDARD = "gnu++14";
				CLANG_CXX_LIBRARY = "libc++";
				CLANG_ENABLE_MODULES = YES;
				CLANG_ENABLE_OBJC_ARC = YES;
				CLANG_ENABLE_OBJC_WEAK = YES;
				CLANG_WARN_BLOCK_CAPTURE_AUTORELEASING = YES;
				CLANG_WARN_BOOL_CONVERSION = YES;
				CLANG_WARN_COMMA = YES;
				CLANG_WARN_CONSTANT_CONVERSION = YES;
				CLANG_WARN_DEPRECATED_OBJC_IMPLEMENTATIONS = YES;
				CLANG_WARN_DIRECT_OBJC_ISA_USAGE = YES_ERROR;
				CLANG_WARN_DOCUMENTATION_COMMENTS = YES;
				CLANG_WARN_EMPTY_BODY = YES;
				CLANG_WARN_ENUM_CONVERSION = YES;
				CLANG_WARN_INFINITE_RECURSION = YES;
				CLANG_WARN_INT_CONVERSION = YES;
				CLANG_WARN_NON_LITERAL_NULL_CONVERSION = YES;
				CLANG_WARN_OBJC_IMPLICIT_RETAIN_SELF = YES;
				CLANG_WARN_OBJC_LITERAL_CONVERSION = YES;
				CLANG_WARN_OBJC_ROOT_CLASS = YES_ERROR;
				CLANG_WARN_RANGE_LOOP_ANALYSIS = YES;
				CLANG_WARN_STRICT_PROTOTYPES = YES;
				CLANG_WARN_SUSPICIOUS_MOVE = YES;
				CLANG_WARN_UNGUARDED_AVAILABILITY = YES_AGGRESSIVE;
				CLANG_WARN_UNREACHABLE_CODE = YES;
				CLANG_WARN__DUPLICATE_METHOD_MATCH = YES;
				CODE_SIGN_IDENTITY = "iPhone Developer";
				COPY_PHASE_STRIP = NO;
				DEBUG_INFORMATION_FORMAT = dwarf;
				ENABLE_STRICT_OBJC_MSGSEND = YES;
				ENABLE_TESTABILITY = YES;
				GCC_C_LANGUAGE_STANDARD = gnu11;
				GCC_DYNAMIC_NO_PIC = NO;
				GCC_NO_COMMON_BLOCKS = YES;
				GCC_OPTIMIZATION_LEVEL = 0;
				GCC_PREPROCESSOR_DEFINITIONS = (
					"DEBUG=1",
					"$(inherited)",
				);
				GCC_WARN_64_TO_32_BIT_CONVERSION = YES;
				GCC_WARN_ABOUT_RETURN_TYPE = YES_ERROR;
				GCC_WARN_UNDECLARED_SELECTOR = YES;
				GCC_WARN_UNINITIALIZED_AUTOS = YES_AGGRESSIVE;
				GCC_WARN_UNUSED_FUNCTION = YES;
				GCC_WARN_UNUSED_VARIABLE = YES;
				IPHONEOS_DEPLOYMENT_TARGET = 12.4;
				MTL_ENABLE_DEBUG_INFO = INCLUDE_SOURCE;
				MTL_FAST_MATH = YES;
				ONLY_ACTIVE_ARCH = YES;
				SDKROOT = iphoneos;
			};
			name = Debug;
		};
		610FA23E23307DDB00F43FEB /* Release */ = {
			isa = XCBuildConfiguration;
			buildSettings = {
				ALWAYS_SEARCH_USER_PATHS = NO;
				CLANG_ANALYZER_NONNULL = YES;
				CLANG_ANALYZER_NUMBER_OBJECT_CONVERSION = YES_AGGRESSIVE;
				CLANG_CXX_LANGUAGE_STANDARD = "gnu++14";
				CLANG_CXX_LIBRARY = "libc++";
				CLANG_ENABLE_MODULES = YES;
				CLANG_ENABLE_OBJC_ARC = YES;
				CLANG_ENABLE_OBJC_WEAK = YES;
				CLANG_WARN_BLOCK_CAPTURE_AUTORELEASING = YES;
				CLANG_WARN_BOOL_CONVERSION = YES;
				CLANG_WARN_COMMA = YES;
				CLANG_WARN_CONSTANT_CONVERSION = YES;
				CLANG_WARN_DEPRECATED_OBJC_IMPLEMENTATIONS = YES;
				CLANG_WARN_DIRECT_OBJC_ISA_USAGE = YES_ERROR;
				CLANG_WARN_DOCUMENTATION_COMMENTS = YES;
				CLANG_WARN_EMPTY_BODY = YES;
				CLANG_WARN_ENUM_CONVERSION = YES;
				CLANG_WARN_INFINITE_RECURSION = YES;
				CLANG_WARN_INT_CONVERSION = YES;
				CLANG_WARN_NON_LITERAL_NULL_CONVERSION = YES;
				CLANG_WARN_OBJC_IMPLICIT_RETAIN_SELF = YES;
				CLANG_WARN_OBJC_LITERAL_CONVERSION = YES;
				CLANG_WARN_OBJC_ROOT_CLASS = YES_ERROR;
				CLANG_WARN_RANGE_LOOP_ANALYSIS = YES;
				CLANG_WARN_STRICT_PROTOTYPES = YES;
				CLANG_WARN_SUSPICIOUS_MOVE = YES;
				CLANG_WARN_UNGUARDED_AVAILABILITY = YES_AGGRESSIVE;
				CLANG_WARN_UNREACHABLE_CODE = YES;
				CLANG_WARN__DUPLICATE_METHOD_MATCH = YES;
				CODE_SIGN_IDENTITY = "iPhone Developer";
				COPY_PHASE_STRIP = NO;
				DEBUG_INFORMATION_FORMAT = "dwarf-with-dsym";
				ENABLE_NS_ASSERTIONS = NO;
				ENABLE_STRICT_OBJC_MSGSEND = YES;
				GCC_C_LANGUAGE_STANDARD = gnu11;
				GCC_NO_COMMON_BLOCKS = YES;
				GCC_WARN_64_TO_32_BIT_CONVERSION = YES;
				GCC_WARN_ABOUT_RETURN_TYPE = YES_ERROR;
				GCC_WARN_UNDECLARED_SELECTOR = YES;
				GCC_WARN_UNINITIALIZED_AUTOS = YES_AGGRESSIVE;
				GCC_WARN_UNUSED_FUNCTION = YES;
				GCC_WARN_UNUSED_VARIABLE = YES;
				IPHONEOS_DEPLOYMENT_TARGET = 12.4;
				MTL_ENABLE_DEBUG_INFO = NO;
				MTL_FAST_MATH = YES;
				SDKROOT = iphoneos;
				VALIDATE_PRODUCT = YES;
			};
			name = Release;
		};
		610FA24023307DDB00F43FEB /* Debug */ = {
			isa = XCBuildConfiguration;
			buildSettings = {
				ASSETCATALOG_COMPILER_APPICON_NAME = AppIcon;
				CODE_SIGN_STYLE = Automatic;
				INFOPLIST_FILE = "AutoreleasePool、Thread、RunLoop/Info.plist";
				LD_RUNPATH_SEARCH_PATHS = (
					"$(inherited)",
					"@executable_path/Frameworks",
				);
				PRODUCT_BUNDLE_IDENTIFIER = "lidenghong.AutoreleasePool-Thread-RunLoop";
				PRODUCT_NAME = "$(TARGET_NAME)";
				TARGETED_DEVICE_FAMILY = "1,2";
			};
			name = Debug;
		};
		610FA24123307DDB00F43FEB /* Release */ = {
			isa = XCBuildConfiguration;
			buildSettings = {
				ASSETCATALOG_COMPILER_APPICON_NAME = AppIcon;
				CODE_SIGN_STYLE = Automatic;
				INFOPLIST_FILE = "AutoreleasePool、Thread、RunLoop/Info.plist";
				LD_RUNPATH_SEARCH_PATHS = (
					"$(inherited)",
					"@executable_path/Frameworks",
				);
				PRODUCT_BUNDLE_IDENTIFIER = "lidenghong.AutoreleasePool-Thread-RunLoop";
				PRODUCT_NAME = "$(TARGET_NAME)";
				TARGETED_DEVICE_FAMILY = "1,2";
			};
			name = Release;
		};
/* End XCBuildConfiguration section */

/* Begin XCConfigurationList section */
		610FA22423307DD900F43FEB /* Build configuration list for PBXProject "AutoreleasePool、Thread、RunLoop" */ = {
			isa = XCConfigurationList;
			buildConfigurations = (
				610FA23D23307DDB00F43FEB /* Debug */,
				610FA23E23307DDB00F43FEB /* Release */,
			);
			defaultConfigurationIsVisible = 0;
			defaultConfigurationName = Release;
		};
		610FA23F23307DDB00F43FEB /* Build configuration list for PBXNativeTarget "AutoreleasePool、Thread、RunLoop" */ = {
			isa = XCConfigurationList;
			buildConfigurations = (
				610FA24023307DDB00F43FEB /* Debug */,
				610FA24123307DDB00F43FEB /* Release */,
			);
			defaultConfigurationIsVisible = 0;
			defaultConfigurationName = Release;
		};
/* End XCConfigurationList section */
	};
	rootObject = 610FA22123307DD900F43FEB /* Project object */;
}
