// !$*UTF8*$!
{
	archiveVersion = 1;
	classes = {
	};
	objectVersion = 46;
	objects = {

/* Begin PBXBuildFile section */
		A469CFAF1E96362C0003C9C8 /* main.m in Sources */ = {isa = PBXBuildFile; fileRef = A469CFAE1E96362C0003C9C8 /* main.m */; };
		A469CFB21E96362C0003C9C8 /* AppDelegate.m in Sources */ = {isa = PBXBuildFile; fileRef = A469CFB11E96362C0003C9C8 /* AppDelegate.m */; };
		A469CFB81E96362C0003C9C8 /* Main.storyboard in Resources */ = {isa = PBXBuildFile; fileRef = A469CFB61E96362C0003C9C8 /* Main.storyboard */; };
		A469CFBA1E96362C0003C9C8 /* Assets.xcassets in Resources */ = {isa = PBXBuildFile; fileRef = A469CFB91E96362C0003C9C8 /* Assets.xcassets */; };
		A469CFBD1E96362C0003C9C8 /* LaunchScreen.storyboard in Resources */ = {isa = PBXBuildFile; fileRef = A469CFBB1E96362C0003C9C8 /* LaunchScreen.storyboard */; };
		A469CFC91E972D5A0003C9C8 /* LJNavBarViewController.m in Sources */ = {isa = PBXBuildFile; fileRef = A469CFC81E972D5A0003C9C8 /* LJNavBarViewController.m */; };
		A4F45C321E9DF84C009B148E /* LJTestTableViewController.m in Sources */ = {isa = PBXBuildFile; fileRef = A4F45C311E9DF84C009B148E /* LJTestTableViewController.m */; };
		A4F45C351E9E0B6F009B148E /* UIViewController+LJNavHidden.m in Sources */ = {isa = PBXBuildFile; fileRef = A4F45C341E9E0B6F009B148E /* UIViewController+LJNavHidden.m */; };
		A4F45C381E9E0B78009B148E /* LJTestCollectionViewController.m in Sources */ = {isa = PBXBuildFile; fileRef = A4F45C371E9E0B78009B148E /* LJTestCollectionViewController.m */; };
/* End PBXBuildFile section */

/* Begin PBXFileReference section */
		A469CFAA1E96362C0003C9C8 /* 根据 ScollView 操作导航栏的透明度.app */ = {isa = PBXFileReference; explicitFileType = wrapper.application; includeInIndex = 0; path = "根据 ScollView 操作导航栏的透明度.app"; sourceTree = BUILT_PRODUCTS_DIR; };
		A469CFAE1E96362C0003C9C8 /* main.m */ = {isa = PBXFileReference; lastKnownFileType = sourcecode.c.objc; path = main.m; sourceTree = "<group>"; };
		A469CFB01E96362C0003C9C8 /* AppDelegate.h */ = {isa = PBXFileReference; lastKnownFileType = sourcecode.c.h; path = AppDelegate.h; sourceTree = "<group>"; };
		A469CFB11E96362C0003C9C8 /* AppDelegate.m */ = {isa = PBXFileReference; lastKnownFileType = sourcecode.c.objc; path = AppDelegate.m; sourceTree = "<group>"; };
		A469CFB71E96362C0003C9C8 /* Base */ = {isa = PBXFileReference; lastKnownFileType = file.storyboard; name = Base; path = Base.lproj/Main.storyboard; sourceTree = "<group>"; };
		A469CFB91E96362C0003C9C8 /* Assets.xcassets */ = {isa = PBXFileReference; lastKnownFileType = folder.assetcatalog; path = Assets.xcassets; sourceTree = "<group>"; };
		A469CFBC1E96362C0003C9C8 /* Base */ = {isa = PBXFileReference; lastKnownFileType = file.storyboard; name = Base; path = Base.lproj/LaunchScreen.storyboard; sourceTree = "<group>"; };
		A469CFBE1E96362C0003C9C8 /* Info.plist */ = {isa = PBXFileReference; lastKnownFileType = text.plist.xml; path = Info.plist; sourceTree = "<group>"; };
		A469CFC71E972D5A0003C9C8 /* LJNavBarViewController.h */ = {isa = PBXFileReference; fileEncoding = 4; lastKnownFileType = sourcecode.c.h; path = LJNavBarViewController.h; sourceTree = "<group>"; };
		A469CFC81E972D5A0003C9C8 /* LJNavBarViewController.m */ = {isa = PBXFileReference; fileEncoding = 4; lastKnownFileType = sourcecode.c.objc; path = LJNavBarViewController.m; sourceTree = "<group>"; };
		A4F45C301E9DF84C009B148E /* LJTestTableViewController.h */ = {isa = PBXFileReference; fileEncoding = 4; lastKnownFileType = sourcecode.c.h; path = LJTestTableViewController.h; sourceTree = "<group>"; };
		A4F45C311E9DF84C009B148E /* LJTestTableViewController.m */ = {isa = PBXFileReference; fileEncoding = 4; lastKnownFileType = sourcecode.c.objc; path = LJTestTableViewController.m; sourceTree = "<group>"; };
		A4F45C331E9E0B6F009B148E /* UIViewController+LJNavHidden.h */ = {isa = PBXFileReference; fileEncoding = 4; lastKnownFileType = sourcecode.c.h; path = "UIViewController+LJNavHidden.h"; sourceTree = "<group>"; };
		A4F45C341E9E0B6F009B148E /* UIViewController+LJNavHidden.m */ = {isa = PBXFileReference; fileEncoding = 4; lastKnownFileType = sourcecode.c.objc; path = "UIViewController+LJNavHidden.m"; sourceTree = "<group>"; };
		A4F45C361E9E0B78009B148E /* LJTestCollectionViewController.h */ = {isa = PBXFileReference; fileEncoding = 4; lastKnownFileType = sourcecode.c.h; path = LJTestCollectionViewController.h; sourceTree = "<group>"; };
		A4F45C371E9E0B78009B148E /* LJTestCollectionViewController.m */ = {isa = PBXFileReference; fileEncoding = 4; lastKnownFileType = sourcecode.c.objc; path = LJTestCollectionViewController.m; sourceTree = "<group>"; };
/* End PBXFileReference section */

/* Begin PBXFrameworksBuildPhase section */
		A469CFA71E96362C0003C9C8 /* Frameworks */ = {
			isa = PBXFrameworksBuildPhase;
			buildActionMask = 2147483647;
			files = (
			);
			runOnlyForDeploymentPostprocessing = 0;
		};
/* End PBXFrameworksBuildPhase section */

/* Begin PBXGroup section */
		A469CFA11E96362C0003C9C8 = {
			isa = PBXGroup;
			children = (
				A469CFAC1E96362C0003C9C8 /* 根据 ScollView 操作导航栏的透明度 */,
				A469CFAB1E96362C0003C9C8 /* Products */,
			);
			sourceTree = "<group>";
		};
		A469CFAB1E96362C0003C9C8 /* Products */ = {
			isa = PBXGroup;
			children = (
				A469CFAA1E96362C0003C9C8 /* 根据 ScollView 操作导航栏的透明度.app */,
			);
			name = Products;
			sourceTree = "<group>";
		};
		A469CFAC1E96362C0003C9C8 /* 根据 ScollView 操作导航栏的透明度 */ = {
			isa = PBXGroup;
			children = (
				A469CFB01E96362C0003C9C8 /* AppDelegate.h */,
				A469CFB11E96362C0003C9C8 /* AppDelegate.m */,
				A4F45C301E9DF84C009B148E /* LJTestTableViewController.h */,
				A4F45C311E9DF84C009B148E /* LJTestTableViewController.m */,
				A4F45C361E9E0B78009B148E /* LJTestCollectionViewController.h */,
				A4F45C371E9E0B78009B148E /* LJTestCollectionViewController.m */,
				A4C0D0D71E9B8F7D00528FC0 /* UIViewController+LJNavHidden */,
				A4BFF92A1E977DCE00684C2E /* LJNavBarView */,
				A469CFB61E96362C0003C9C8 /* Main.storyboard */,
				A469CFB91E96362C0003C9C8 /* Assets.xcassets */,
				A469CFBB1E96362C0003C9C8 /* LaunchScreen.storyboard */,
				A469CFBE1E96362C0003C9C8 /* Info.plist */,
				A469CFAD1E96362C0003C9C8 /* Supporting Files */,
			);
			path = "根据 ScollView 操作导航栏的透明度";
			sourceTree = "<group>";
		};
		A469CFAD1E96362C0003C9C8 /* Supporting Files */ = {
			isa = PBXGroup;
			children = (
				A469CFAE1E96362C0003C9C8 /* main.m */,
			);
			name = "Supporting Files";
			sourceTree = "<group>";
		};
		A4BFF92A1E977DCE00684C2E /* LJNavBarView */ = {
			isa = PBXGroup;
			children = (
				A469CFC71E972D5A0003C9C8 /* LJNavBarViewController.h */,
				A469CFC81E972D5A0003C9C8 /* LJNavBarViewController.m */,
			);
			name = LJNavBarView;
			sourceTree = "<group>";
		};
		A4C0D0D71E9B8F7D00528FC0 /* UIViewController+LJNavHidden */ = {
			isa = PBXGroup;
			children = (
				A4F45C331E9E0B6F009B148E /* UIViewController+LJNavHidden.h */,
				A4F45C341E9E0B6F009B148E /* UIViewController+LJNavHidden.m */,
			);
			name = "UIViewController+LJNavHidden";
			sourceTree = "<group>";
		};
/* End PBXGroup section */

/* Begin PBXNativeTarget section */
		A469CFA91E96362C0003C9C8 /* 根据 ScollView 操作导航栏的透明度 */ = {
			isa = PBXNativeTarget;
			buildConfigurationList = A469CFC11E96362C0003C9C8 /* Build configuration list for PBXNativeTarget "根据 ScollView 操作导航栏的透明度" */;
			buildPhases = (
				A469CFA61E96362C0003C9C8 /* Sources */,
				A469CFA71E96362C0003C9C8 /* Frameworks */,
				A469CFA81E96362C0003C9C8 /* Resources */,
			);
			buildRules = (
			);
			dependencies = (
			);
			name = "根据 ScollView 操作导航栏的透明度";
			productName = "根据 ScollView 操作导航栏的透明度";
			productReference = A469CFAA1E96362C0003C9C8 /* 根据 ScollView 操作导航栏的透明度.app */;
			productType = "com.apple.product-type.application";
		};
/* End PBXNativeTarget section */

/* Begin PBXProject section */
		A469CFA21E96362C0003C9C8 /* Project object */ = {
			isa = PBXProject;
			attributes = {
				LastUpgradeCheck = 0830;
				ORGANIZATIONNAME = LiJie;
				TargetAttributes = {
					A469CFA91E96362C0003C9C8 = {
						CreatedOnToolsVersion = 8.3;
						DevelopmentTeam = 9ZYGWUFH29;
						ProvisioningStyle = Automatic;
					};
				};
			};
			buildConfigurationList = A469CFA51E96362C0003C9C8 /* Build configuration list for PBXProject "根据 ScollView 操作导航栏的透明度" */;
			compatibilityVersion = "Xcode 3.2";
			developmentRegion = English;
			hasScannedForEncodings = 0;
			knownRegions = (
				en,
				Base,
			);
			mainGroup = A469CFA11E96362C0003C9C8;
			productRefGroup = A469CFAB1E96362C0003C9C8 /* Products */;
			projectDirPath = "";
			projectRoot = "";
			targets = (
				A469CFA91E96362C0003C9C8 /* 根据 ScollView 操作导航栏的透明度 */,
			);
		};
/* End PBXProject section */

/* Begin PBXResourcesBuildPhase section */
		A469CFA81E96362C0003C9C8 /* Resources */ = {
			isa = PBXResourcesBuildPhase;
			buildActionMask = 2147483647;
			files = (
				A469CFBD1E96362C0003C9C8 /* LaunchScreen.storyboard in Resources */,
				A469CFBA1E96362C0003C9C8 /* Assets.xcassets in Resources */,
				A469CFB81E96362C0003C9C8 /* Main.storyboard in Resources */,
			);
			runOnlyForDeploymentPostprocessing = 0;
		};
/* End PBXResourcesBuildPhase section */

/* Begin PBXSourcesBuildPhase section */
		A469CFA61E96362C0003C9C8 /* Sources */ = {
			isa = PBXSourcesBuildPhase;
			buildActionMask = 2147483647;
			files = (
				A4F45C351E9E0B6F009B148E /* UIViewController+LJNavHidden.m in Sources */,
				A4F45C381E9E0B78009B148E /* LJTestCollectionViewController.m in Sources */,
				A469CFB21E96362C0003C9C8 /* AppDelegate.m in Sources */,
				A469CFC91E972D5A0003C9C8 /* LJNavBarViewController.m in Sources */,
				A469CFAF1E96362C0003C9C8 /* main.m in Sources */,
				A4F45C321E9DF84C009B148E /* LJTestTableViewController.m in Sources */,
			);
			runOnlyForDeploymentPostprocessing = 0;
		};
/* End PBXSourcesBuildPhase section */

/* Begin PBXVariantGroup section */
		A469CFB61E96362C0003C9C8 /* Main.storyboard */ = {
			isa = PBXVariantGroup;
			children = (
				A469CFB71E96362C0003C9C8 /* Base */,
			);
			name = Main.storyboard;
			sourceTree = "<group>";
		};
		A469CFBB1E96362C0003C9C8 /* LaunchScreen.storyboard */ = {
			isa = PBXVariantGroup;
			children = (
				A469CFBC1E96362C0003C9C8 /* Base */,
			);
			name = LaunchScreen.storyboard;
			sourceTree = "<group>";
		};
/* End PBXVariantGroup section */

/* Begin XCBuildConfiguration section */
		A469CFBF1E96362C0003C9C8 /* Debug */ = {
			isa = XCBuildConfiguration;
			buildSettings = {
				ALWAYS_SEARCH_USER_PATHS = NO;
				CLANG_ANALYZER_NONNULL = YES;
				CLANG_ANALYZER_NUMBER_OBJECT_CONVERSION = YES_AGGRESSIVE;
				CLANG_CXX_LANGUAGE_STANDARD = "gnu++0x";
				CLANG_CXX_LIBRARY = "libc++";
				CLANG_ENABLE_MODULES = YES;
				CLANG_ENABLE_OBJC_ARC = YES;
				CLANG_WARN_BOOL_CONVERSION = YES;
				CLANG_WARN_CONSTANT_CONVERSION = YES;
				CLANG_WARN_DIRECT_OBJC_ISA_USAGE = YES_ERROR;
				CLANG_WARN_DOCUMENTATION_COMMENTS = YES;
				CLANG_WARN_EMPTY_BODY = YES;
				CLANG_WARN_ENUM_CONVERSION = YES;
				CLANG_WARN_INFINITE_RECURSION = YES;
				CLANG_WARN_INT_CONVERSION = YES;
				CLANG_WARN_OBJC_ROOT_CLASS = YES_ERROR;
				CLANG_WARN_SUSPICIOUS_MOVE = YES;
				CLANG_WARN_UNREACHABLE_CODE = YES;
				CLANG_WARN__DUPLICATE_METHOD_MATCH = YES;
				"CODE_SIGN_IDENTITY[sdk=iphoneos*]" = "iPhone Developer";
				COPY_PHASE_STRIP = NO;
				DEBUG_INFORMATION_FORMAT = dwarf;
				ENABLE_STRICT_OBJC_MSGSEND = YES;
				ENABLE_TESTABILITY = YES;
				GCC_C_LANGUAGE_STANDARD = gnu99;
				GCC_DYNAMIC_NO_PIC = NO;
				GCC_NO_COMMON_BLOCKS = YES;
				GCC_OPTIMIZATION_LEVEL = 0;
				GCC_PREPROCESSOR_DEFINITIONS = (
					"DEBUG=1",
					"$(inherited)",
				);
				GCC_WARN_64_TO_32_BIT_CONVERSION = YES;
				GCC_WARN_ABOUT_RETURN_TYPE = YES_ERROR;
				GCC_WARN_UNDECLARED_SELECTOR = YES;
				GCC_WARN_UNINITIALIZED_AUTOS = YES_AGGRESSIVE;
				GCC_WARN_UNUSED_FUNCTION = YES;
				GCC_WARN_UNUSED_VARIABLE = YES;
				IPHONEOS_DEPLOYMENT_TARGET = 10.3;
				MTL_ENABLE_DEBUG_INFO = YES;
				ONLY_ACTIVE_ARCH = YES;
				SDKROOT = iphoneos;
			};
			name = Debug;
		};
		A469CFC01E96362C0003C9C8 /* Release */ = {
			isa = XCBuildConfiguration;
			buildSettings = {
				ALWAYS_SEARCH_USER_PATHS = NO;
				CLANG_ANALYZER_NONNULL = YES;
				CLANG_ANALYZER_NUMBER_OBJECT_CONVERSION = YES_AGGRESSIVE;
				CLANG_CXX_LANGUAGE_STANDARD = "gnu++0x";
				CLANG_CXX_LIBRARY = "libc++";
				CLANG_ENABLE_MODULES = YES;
				CLANG_ENABLE_OBJC_ARC = YES;
				CLANG_WARN_BOOL_CONVERSION = YES;
				CLANG_WARN_CONSTANT_CONVERSION = YES;
				CLANG_WARN_DIRECT_OBJC_ISA_USAGE = YES_ERROR;
				CLANG_WARN_DOCUMENTATION_COMMENTS = YES;
				CLANG_WARN_EMPTY_BODY = YES;
				CLANG_WARN_ENUM_CONVERSION = YES;
				CLANG_WARN_INFINITE_RECURSION = YES;
				CLANG_WARN_INT_CONVERSION = YES;
				CLANG_WARN_OBJC_ROOT_CLASS = YES_ERROR;
				CLANG_WARN_SUSPICIOUS_MOVE = YES;
				CLANG_WARN_UNREACHABLE_CODE = YES;
				CLANG_WARN__DUPLICATE_METHOD_MATCH = YES;
				"CODE_SIGN_IDENTITY[sdk=iphoneos*]" = "iPhone Developer";
				COPY_PHASE_STRIP = NO;
				DEBUG_INFORMATION_FORMAT = "dwarf-with-dsym";
				ENABLE_NS_ASSERTIONS = NO;
				ENABLE_STRICT_OBJC_MSGSEND = YES;
				GCC_C_LANGUAGE_STANDARD = gnu99;
				GCC_NO_COMMON_BLOCKS = YES;
				GCC_WARN_64_TO_32_BIT_CONVERSION = YES;
				GCC_WARN_ABOUT_RETURN_TYPE = YES_ERROR;
				GCC_WARN_UNDECLARED_SELECTOR = YES;
				GCC_WARN_UNINITIALIZED_AUTOS = YES_AGGRESSIVE;
				GCC_WARN_UNUSED_FUNCTION = YES;
				GCC_WARN_UNUSED_VARIABLE = YES;
				IPHONEOS_DEPLOYMENT_TARGET = 10.3;
				MTL_ENABLE_DEBUG_INFO = NO;
				SDKROOT = iphoneos;
				VALIDATE_PRODUCT = YES;
			};
			name = Release;
		};
		A469CFC21E96362C0003C9C8 /* Debug */ = {
			isa = XCBuildConfiguration;
			buildSettings = {
				ASSETCATALOG_COMPILER_APPICON_NAME = AppIcon;
				DEVELOPMENT_TEAM = 9ZYGWUFH29;
				INFOPLIST_FILE = "根据 ScollView 操作导航栏的透明度/Info.plist";
				LD_RUNPATH_SEARCH_PATHS = "$(inherited) @executable_path/Frameworks";
				PRODUCT_BUNDLE_IDENTIFIER = com.lijie;
				PRODUCT_NAME = "$(TARGET_NAME)";
			};
			name = Debug;
		};
		A469CFC31E96362C0003C9C8 /* Release */ = {
			isa = XCBuildConfiguration;
			buildSettings = {
				ASSETCATALOG_COMPILER_APPICON_NAME = AppIcon;
				DEVELOPMENT_TEAM = 9ZYGWUFH29;
				INFOPLIST_FILE = "根据 ScollView 操作导航栏的透明度/Info.plist";
				LD_RUNPATH_SEARCH_PATHS = "$(inherited) @executable_path/Frameworks";
				PRODUCT_BUNDLE_IDENTIFIER = com.lijie;
				PRODUCT_NAME = "$(TARGET_NAME)";
			};
			name = Release;
		};
/* End XCBuildConfiguration section */

/* Begin XCConfigurationList section */
		A469CFA51E96362C0003C9C8 /* Build configuration list for PBXProject "根据 ScollView 操作导航栏的透明度" */ = {
			isa = XCConfigurationList;
			buildConfigurations = (
				A469CFBF1E96362C0003C9C8 /* Debug */,
				A469CFC01E96362C0003C9C8 /* Release */,
			);
			defaultConfigurationIsVisible = 0;
			defaultConfigurationName = Release;
		};
		A469CFC11E96362C0003C9C8 /* Build configuration list for PBXNativeTarget "根据 ScollView 操作导航栏的透明度" */ = {
			isa = XCConfigurationList;
			buildConfigurations = (
				A469CFC21E96362C0003C9C8 /* Debug */,
				A469CFC31E96362C0003C9C8 /* Release */,
			);
			defaultConfigurationIsVisible = 0;
			defaultConfigurationName = Release;
		};
/* End XCConfigurationList section */
	};
	rootObject = A469CFA21E96362C0003C9C8 /* Project object */;
}
